
Microsoft Visual Studio Solution File, Format Version 12.00
Project("{FAE04EC0-301F-11D3-BF4B-00C04F79EFBC}") = "Digbyswift.Patterns", "Digbyswift.Patterns\Digbyswift.Patterns.csproj", "{9DA2DABD-D274-49E6-9F8F-7FAEC6EB0084}"
EndProject
Project("{FAE04EC0-301F-11D3-BF4B-00C04F79EFBC}") = "Digbyswift.Patterns.Test", "Digbyswift.Patterns.Test\Digbyswift.Patterns.Test.csproj", "{5F5F4A84-71FD-4D29-A16E-EDDF2295DDE4}"
EndProject
Global
	GlobalSection(SolutionConfigurationPlatforms) = preSolution
		Debug|Any CPU = Debug|Any CPU
		Release|Any CPU = Release|Any CPU
	EndGlobalSection
	GlobalSection(ProjectConfigurationPlatforms) = postSolution
		{9DA2DABD-D274-49E6-9F8F-7FAEC6EB0084}.Debug|Any CPU.ActiveCfg = Debug|Any CPU
		{9DA2DABD-D274-49E6-9F8F-7FAEC6EB0084}.Debug|Any CPU.Build.0 = Debug|Any CPU
		{9DA2DABD-D274-49E6-9F8F-7FAEC6EB0084}.Release|Any CPU.ActiveCfg = Release|Any CPU
		{9DA2DABD-D274-49E6-9F8F-7FAEC6EB0084}.Release|Any CPU.Build.0 = Release|Any CPU
		{5F5F4A84-71FD-4D29-A16E-EDDF2295DDE4}.Debug|Any CPU.ActiveCfg = Debug|Any CPU
		{5F5F4A84-71FD-4D29-A16E-EDDF2295DDE4}.Debug|Any CPU.Build.0 = Debug|Any CPU
		{5F5F4A84-71FD-4D29-A16E-EDDF2295DDE4}.Release|Any CPU.ActiveCfg = Release|Any CPU
		{5F5F4A84-71FD-4D29-A16E-EDDF2295DDE4}.Release|Any CPU.Build.0 = Release|Any CPU
	EndGlobalSection
EndGlobal
